{
  "requires": true,
  "lockfileVersion": 1,
  "dependencies": {
    "imask": {
      "version": "6.0.5",
      "resolved": "https://registry.npmjs.org/imask/-/imask-6.0.5.tgz",
      "integrity": "sha512-V9RVdbQsMxXLHK97FYR3wuHeyAc26q/0WeuRONRoqP4IFTKb472+akrFW/VPSBFYdB1PTI6impx1YgI/EDpWcQ=="
    },
    "svelte-imask": {
      "version": "1.2.0",
      "resolved": "https://registry.npmjs.org/svelte-imask/-/svelte-imask-1.2.0.tgz",
      "integrity": "sha512-5LNUhokQ3rG3jkjIxewI2VIxoOYdrBCcnLIUddA9qmIO9dhDH+Qs2FkKm7wRsZy3x6WbwOjB4EvEoTMR8KrFqg==",
      "requires": {
        "imask": "^6.0.5"
      }
    }
  }
}
