# THIS IS AN AUTOGENERATED FILE. DO NOT EDIT THIS FILE DIRECTLY.
# yarn lockfile v1


autonumeric@^4.6.0:
  version "4.6.0"
  resolved "https://registry.yarnpkg.com/autonumeric/-/autonumeric-4.6.0.tgz#6b87240f060b2d33e36b0c8de5ba7a5ed67a38d4"
  integrity sha512-bYnD2oD9UMZBTxSWcvXH1MTcp0w+CUBfXe4HI1QJLGzJu+O27Ny5gqzRcFuDsZB9jrZ5SJjqAG0PieJsaUdTcg==
